// !$*UTF8*$!
{
	archiveVersion = 1;
	classes = {
	};
	objectVersion = 46;
	objects = {

/* Begin PBXBuildFile section */
		21B50DFC1A34EF65005DE775 /* SimpleWeatherTests.swift in Sources */ = {isa = PBXBuildFile; fileRef = 21B50DFB1A34EF65005DE775 /* SimpleWeatherTests.swift */; };
		21B50E111A34F050005DE775 /* AppDelegate.swift in Sources */ = {isa = PBXBuildFile; fileRef = 21B50E061A34F050005DE775 /* AppDelegate.swift */; };
		21B50E121A34F050005DE775 /* SWViewController.swift in Sources */ = {isa = PBXBuildFile; fileRef = 21B50E081A34F050005DE775 /* SWViewController.swift */; };
		21B50E131A34F050005DE775 /* Images.xcassets in Resources */ = {isa = PBXBuildFile; fileRef = 21B50E0A1A34F050005DE775 /* Images.xcassets */; };
		21B50E161A34F050005DE775 /* Main.storyboard in Resources */ = {isa = PBXBuildFile; fileRef = 21B50E0F1A34F050005DE775 /* Main.storyboard */; };
		698B56B77F9BCCBC6279E98A /* libPods.a in Frameworks */ = {isa = PBXBuildFile; fileRef = C9C3A0FA55BB02A4F607312C /* libPods.a */; };
/* End PBXBuildFile section */

/* Begin PBXContainerItemProxy section */
		21B50DF61A34EF65005DE775 /* PBXContainerItemProxy */ = {
			isa = PBXContainerItemProxy;
			containerPortal = 21B50DD81A34EF65005DE775 /* Project object */;
			proxyType = 1;
			remoteGlobalIDString = 21B50DDF1A34EF65005DE775;
			remoteInfo = SimpleWeather;
		};
/* End PBXContainerItemProxy section */

/* Begin PBXFileReference section */
		21B50DE01A34EF65005DE775 /* SimpleWeather.app */ = {isa = PBXFileReference; explicitFileType = wrapper.application; includeInIndex = 0; path = SimpleWeather.app; sourceTree = BUILT_PRODUCTS_DIR; };
		21B50DF51A34EF65005DE775 /* SimpleWeatherTests.xctest */ = {isa = PBXFileReference; explicitFileType = wrapper.cfbundle; includeInIndex = 0; path = SimpleWeatherTests.xctest; sourceTree = BUILT_PRODUCTS_DIR; };
		21B50DFA1A34EF65005DE775 /* Info.plist */ = {isa = PBXFileReference; lastKnownFileType = text.plist.xml; name = Info.plist; path = ../Tests/Info.plist; sourceTree = "<group>"; };
		21B50DFB1A34EF65005DE775 /* SimpleWeatherTests.swift */ = {isa = PBXFileReference; lastKnownFileType = sourcecode.swift; name = SimpleWeatherTests.swift; path = ../Tests/SimpleWeatherTests.swift; sourceTree = "<group>"; };
		21B50E061A34F050005DE775 /* AppDelegate.swift */ = {isa = PBXFileReference; fileEncoding = 4; lastKnownFileType = sourcecode.swift; path = AppDelegate.swift; sourceTree = "<group>"; };
		21B50E081A34F050005DE775 /* SWViewController.swift */ = {isa = PBXFileReference; fileEncoding = 4; lastKnownFileType = sourcecode.swift; path = SWViewController.swift; sourceTree = "<group>"; };
		21B50E0A1A34F050005DE775 /* Images.xcassets */ = {isa = PBXFileReference; lastKnownFileType = folder.assetcatalog; path = Images.xcassets; sourceTree = "<group>"; };
		21B50E0B1A34F050005DE775 /* Info.plist */ = {isa = PBXFileReference; fileEncoding = 4; lastKnownFileType = text.plist.xml; path = Info.plist; sourceTree = "<group>"; };
		21B50E101A34F050005DE775 /* Base */ = {isa = PBXFileReference; lastKnownFileType = file.storyboard; name = Base; path = Base.lproj/Main.storyboard; sourceTree = "<group>"; };
		21B9F3021A34F54600ADAD4B /* SimpleWeather-Bridging-Header.h */ = {isa = PBXFileReference; fileEncoding = 4; lastKnownFileType = sourcecode.c.h; name = "SimpleWeather-Bridging-Header.h"; path = "Headers/SimpleWeather-Bridging-Header.h"; sourceTree = "<group>"; };
		676E3C17072CD8A9BE3F3624 /* Pods.release.xcconfig */ = {isa = PBXFileReference; includeInIndex = 1; lastKnownFileType = text.xcconfig; name = Pods.release.xcconfig; path = "Pods/Target Support Files/Pods/Pods.release.xcconfig"; sourceTree = "<group>"; };
		BA2EB086FA432203CCD87E60 /* Pods.debug.xcconfig */ = {isa = PBXFileReference; includeInIndex = 1; lastKnownFileType = text.xcconfig; name = Pods.debug.xcconfig; path = "Pods/Target Support Files/Pods/Pods.debug.xcconfig"; sourceTree = "<group>"; };
		C9C3A0FA55BB02A4F607312C /* libPods.a */ = {isa = PBXFileReference; explicitFileType = archive.ar; includeInIndex = 0; path = libPods.a; sourceTree = BUILT_PRODUCTS_DIR; };
/* End PBXFileReference section */

/* Begin PBXFrameworksBuildPhase section */
		21B50DDD1A34EF65005DE775 /* Frameworks */ = {
			isa = PBXFrameworksBuildPhase;
			buildActionMask = 2147483647;
			files = (
				698B56B77F9BCCBC6279E98A /* libPods.a in Frameworks */,
			);
			runOnlyForDeploymentPostprocessing = 0;
		};
		21B50DF21A34EF65005DE775 /* Frameworks */ = {
			isa = PBXFrameworksBuildPhase;
			buildActionMask = 2147483647;
			files = (
			);
			runOnlyForDeploymentPostprocessing = 0;
		};
/* End PBXFrameworksBuildPhase section */

/* Begin PBXGroup section */
		21B50DD71A34EF65005DE775 = {
			isa = PBXGroup;
			children = (
				21B50DE21A34EF65005DE775 /* SimpleWeather */,
				21B50DF81A34EF65005DE775 /* Tests */,
				21B50DE11A34EF65005DE775 /* Products */,
				66AF30354256433850E78893 /* Pods */,
				3BD2CE90BF732825FB04CB2D /* Frameworks */,
			);
			sourceTree = "<group>";
		};
		21B50DE11A34EF65005DE775 /* Products */ = {
			isa = PBXGroup;
			children = (
				21B50DE01A34EF65005DE775 /* SimpleWeather.app */,
				21B50DF51A34EF65005DE775 /* SimpleWeatherTests.xctest */,
			);
			name = Products;
			sourceTree = "<group>";
		};
		21B50DE21A34EF65005DE775 /* SimpleWeather */ = {
			isa = PBXGroup;
			children = (
				21B50E051A34F050005DE775 /* Application */,
				21B50E071A34F050005DE775 /* Controllers */,
				21B50E0C1A34F050005DE775 /* Views */,
				21B50E091A34F050005DE775 /* Resources */,
				21B9F3031A34F54900ADAD4B /* Headers */,
			);
			path = SimpleWeather;
			sourceTree = "<group>";
		};
		21B50DF81A34EF65005DE775 /* Tests */ = {
			isa = PBXGroup;
			children = (
				21B50DFB1A34EF65005DE775 /* SimpleWeatherTests.swift */,
				21B50DF91A34EF65005DE775 /* Property Lists */,
			);
			name = Tests;
			path = SimpleWeatherTests;
			sourceTree = "<group>";
		};
		21B50DF91A34EF65005DE775 /* Property Lists */ = {
			isa = PBXGroup;
			children = (
				21B50DFA1A34EF65005DE775 /* Info.plist */,
			);
			name = "Property Lists";
			sourceTree = "<group>";
		};
		21B50E051A34F050005DE775 /* Application */ = {
			isa = PBXGroup;
			children = (
				21B50E061A34F050005DE775 /* AppDelegate.swift */,
			);
			path = Application;
			sourceTree = "<group>";
		};
		21B50E071A34F050005DE775 /* Controllers */ = {
			isa = PBXGroup;
			children = (
				21B50E081A34F050005DE775 /* SWViewController.swift */,
			);
			path = Controllers;
			sourceTree = "<group>";
		};
		21B50E091A34F050005DE775 /* Resources */ = {
			isa = PBXGroup;
			children = (
				21B50E0A1A34F050005DE775 /* Images.xcassets */,
				21B50E171A34F07F005DE775 /* Property Lists */,
			);
			path = Resources;
			sourceTree = "<group>";
		};
		21B50E0C1A34F050005DE775 /* Views */ = {
			isa = PBXGroup;
			children = (
				21B50E0F1A34F050005DE775 /* Main.storyboard */,
			);
			path = Views;
			sourceTree = "<group>";
		};
		21B50E171A34F07F005DE775 /* Property Lists */ = {
			isa = PBXGroup;
			children = (
				21B50E0B1A34F050005DE775 /* Info.plist */,
			);
			name = "Property Lists";
			sourceTree = "<group>";
		};
		21B9F3031A34F54900ADAD4B /* Headers */ = {
			isa = PBXGroup;
			children = (
				21B9F3021A34F54600ADAD4B /* SimpleWeather-Bridging-Header.h */,
			);
			name = Headers;
			sourceTree = "<group>";
		};
		3BD2CE90BF732825FB04CB2D /* Frameworks */ = {
			isa = PBXGroup;
			children = (
				C9C3A0FA55BB02A4F607312C /* libPods.a */,
			);
			name = Frameworks;
			sourceTree = "<group>";
		};
		66AF30354256433850E78893 /* Pods */ = {
			isa = PBXGroup;
			children = (
				BA2EB086FA432203CCD87E60 /* Pods.debug.xcconfig */,
				676E3C17072CD8A9BE3F3624 /* Pods.release.xcconfig */,
			);
			name = Pods;
			sourceTree = "<group>";
		};
/* End PBXGroup section */

/* Begin PBXNativeTarget section */
		21B50DDF1A34EF65005DE775 /* SimpleWeather */ = {
			isa = PBXNativeTarget;
			buildConfigurationList = 21B50DFF1A34EF65005DE775 /* Build configuration list for PBXNativeTarget "SimpleWeather" */;
			buildPhases = (
				322777D1467CB933BC9344E4 /* Check Pods Manifest.lock */,
				21B50DDC1A34EF65005DE775 /* Sources */,
				21B50DDD1A34EF65005DE775 /* Frameworks */,
				21B50DDE1A34EF65005DE775 /* Resources */,
				E459B1A1B5AD9A680271948A /* Copy Pods Resources */,
			);
			buildRules = (
			);
			dependencies = (
			);
			name = SimpleWeather;
			productName = SimpleWeather;
			productReference = 21B50DE01A34EF65005DE775 /* SimpleWeather.app */;
			productType = "com.apple.product-type.application";
		};
		21B50DF41A34EF65005DE775 /* SimpleWeatherTests */ = {
			isa = PBXNativeTarget;
			buildConfigurationList = 21B50E021A34EF65005DE775 /* Build configuration list for PBXNativeTarget "SimpleWeatherTests" */;
			buildPhases = (
				21B50DF11A34EF65005DE775 /* Sources */,
				21B50DF21A34EF65005DE775 /* Frameworks */,
				21B50DF31A34EF65005DE775 /* Resources */,
			);
			buildRules = (
			);
			dependencies = (
				21B50DF71A34EF65005DE775 /* PBXTargetDependency */,
			);
			name = SimpleWeatherTests;
			productName = SimpleWeatherTests;
			productReference = 21B50DF51A34EF65005DE775 /* SimpleWeatherTests.xctest */;
			productType = "com.apple.product-type.bundle.unit-test";
		};
/* End PBXNativeTarget section */

/* Begin PBXProject section */
		21B50DD81A34EF65005DE775 /* Project object */ = {
			isa = PBXProject;
			attributes = {
				LastUpgradeCheck = 0610;
				ORGANIZATIONNAME = "Kevin Xu";
				TargetAttributes = {
					21B50DDF1A34EF65005DE775 = {
						CreatedOnToolsVersion = 6.1;
						DevelopmentTeam = ND6T35QN73;
					};
					21B50DF41A34EF65005DE775 = {
						CreatedOnToolsVersion = 6.1;
						TestTargetID = 21B50DDF1A34EF65005DE775;
					};
				};
			};
			buildConfigurationList = 21B50DDB1A34EF65005DE775 /* Build configuration list for PBXProject "SimpleWeather" */;
			compatibilityVersion = "Xcode 3.2";
			developmentRegion = English;
			hasScannedForEncodings = 0;
			knownRegions = (
				en,
				Base,
			);
			mainGroup = 21B50DD71A34EF65005DE775;
			productRefGroup = 21B50DE11A34EF65005DE775 /* Products */;
			projectDirPath = "";
			projectRoot = "";
			targets = (
				21B50DDF1A34EF65005DE775 /* SimpleWeather */,
				21B50DF41A34EF65005DE775 /* SimpleWeatherTests */,
			);
		};
/* End PBXProject section */

/* Begin PBXResourcesBuildPhase section */
		21B50DDE1A34EF65005DE775 /* Resources */ = {
			isa = PBXResourcesBuildPhase;
			buildActionMask = 2147483647;
			files = (
				21B50E161A34F050005DE775 /* Main.storyboard in Resources */,
				21B50E131A34F050005DE775 /* Images.xcassets in Resources */,
			);
			runOnlyForDeploymentPostprocessing = 0;
		};
		21B50DF31A34EF65005DE775 /* Resources */ = {
			isa = PBXResourcesBuildPhase;
			buildActionMask = 2147483647;
			files = (
			);
			runOnlyForDeploymentPostprocessing = 0;
		};
/* End PBXResourcesBuildPhase section */

/* Begin PBXShellScriptBuildPhase section */
		322777D1467CB933BC9344E4 /* Check Pods Manifest.lock */ = {
			isa = PBXShellScriptBuildPhase;
			buildActionMask = 2147483647;
			files = (
			);
			inputPaths = (
			);
			name = "Check Pods Manifest.lock";
			outputPaths = (
			);
			runOnlyForDeploymentPostprocessing = 0;
			shellPath = /bin/sh;
			shellScript = "diff \"${PODS_ROOT}/../Podfile.lock\" \"${PODS_ROOT}/Manifest.lock\" > /dev/null\nif [[ $? != 0 ]] ; then\n    cat << EOM\nerror: The sandbox is not in sync with the Podfile.lock. Run 'pod install' or update your CocoaPods installation.\nEOM\n    exit 1\nfi\n";
			showEnvVarsInLog = 0;
		};
		E459B1A1B5AD9A680271948A /* Copy Pods Resources */ = {
			isa = PBXShellScriptBuildPhase;
			buildActionMask = 2147483647;
			files = (
			);
			inputPaths = (
			);
			name = "Copy Pods Resources";
			outputPaths = (
			);
			runOnlyForDeploymentPostprocessing = 0;
			shellPath = /bin/sh;
			shellScript = "\"${SRCROOT}/Pods/Target Support Files/Pods/Pods-resources.sh\"\n";
			showEnvVarsInLog = 0;
		};
/* End PBXShellScriptBuildPhase section */

/* Begin PBXSourcesBuildPhase section */
		21B50DDC1A34EF65005DE775 /* Sources */ = {
			isa = PBXSourcesBuildPhase;
			buildActionMask = 2147483647;
			files = (
				21B50E111A34F050005DE775 /* AppDelegate.swift in Sources */,
				21B50E121A34F050005DE775 /* SWViewController.swift in Sources */,
			);
			runOnlyForDeploymentPostprocessing = 0;
		};
		21B50DF11A34EF65005DE775 /* Sources */ = {
			isa = PBXSourcesBuildPhase;
			buildActionMask = 2147483647;
			files = (
				21B50DFC1A34EF65005DE775 /* SimpleWeatherTests.swift in Sources */,
			);
			runOnlyForDeploymentPostprocessing = 0;
		};
/* End PBXSourcesBuildPhase section */

/* Begin PBXTargetDependency section */
		21B50DF71A34EF65005DE775 /* PBXTargetDependency */ = {
			isa = PBXTargetDependency;
			target = 21B50DDF1A34EF65005DE775 /* SimpleWeather */;
			targetProxy = 21B50DF61A34EF65005DE775 /* PBXContainerItemProxy */;
		};
/* End PBXTargetDependency section */

/* Begin PBXVariantGroup section */
		21B50E0F1A34F050005DE775 /* Main.storyboard */ = {
			isa = PBXVariantGroup;
			children = (
				21B50E101A34F050005DE775 /* Base */,
			);
			name = Main.storyboard;
			sourceTree = "<group>";
		};
/* End PBXVariantGroup section */

/* Begin XCBuildConfiguration section */
		21B50DFD1A34EF65005DE775 /* Debug */ = {
			isa = XCBuildConfiguration;
			buildSettings = {
				ALWAYS_SEARCH_USER_PATHS = NO;
				CLANG_CXX_LANGUAGE_STANDARD = "gnu++0x";
				CLANG_CXX_LIBRARY = "libc++";
				CLANG_ENABLE_MODULES = YES;
				CLANG_ENABLE_OBJC_ARC = YES;
				CLANG_WARN_BOOL_CONVERSION = YES;
				CLANG_WARN_CONSTANT_CONVERSION = YES;
				CLANG_WARN_DIRECT_OBJC_ISA_USAGE = YES_ERROR;
				CLANG_WARN_EMPTY_BODY = YES;
				CLANG_WARN_ENUM_CONVERSION = YES;
				CLANG_WARN_INT_CONVERSION = YES;
				CLANG_WARN_OBJC_ROOT_CLASS = YES_ERROR;
				CLANG_WARN_UNREACHABLE_CODE = YES;
				CLANG_WARN__DUPLICATE_METHOD_MATCH = YES;
				"CODE_SIGN_IDENTITY[sdk=iphoneos*]" = "iPhone Developer";
				COPY_PHASE_STRIP = NO;
				ENABLE_STRICT_OBJC_MSGSEND = YES;
				GCC_C_LANGUAGE_STANDARD = gnu99;
				GCC_DYNAMIC_NO_PIC = NO;
				GCC_OPTIMIZATION_LEVEL = 0;
				GCC_PREPROCESSOR_DEFINITIONS = (
					"DEBUG=1",
					"$(inherited)",
				);
				GCC_SYMBOLS_PRIVATE_EXTERN = NO;
				GCC_WARN_64_TO_32_BIT_CONVERSION = YES;
				GCC_WARN_ABOUT_RETURN_TYPE = YES_ERROR;
				GCC_WARN_UNDECLARED_SELECTOR = YES;
				GCC_WARN_UNINITIALIZED_AUTOS = YES_AGGRESSIVE;
				GCC_WARN_UNUSED_FUNCTION = YES;
				GCC_WARN_UNUSED_VARIABLE = YES;
				IPHONEOS_DEPLOYMENT_TARGET = 8.1;
				MTL_ENABLE_DEBUG_INFO = YES;
				ONLY_ACTIVE_ARCH = YES;
				SDKROOT = iphoneos;
				SWIFT_OPTIMIZATION_LEVEL = "-Onone";
			};
			name = Debug;
		};
		21B50DFE1A34EF65005DE775 /* Release */ = {
			isa = XCBuildConfiguration;
			buildSettings = {
				ALWAYS_SEARCH_USER_PATHS = NO;
				CLANG_CXX_LANGUAGE_STANDARD = "gnu++0x";
				CLANG_CXX_LIBRARY = "libc++";
				CLANG_ENABLE_MODULES = YES;
				CLANG_ENABLE_OBJC_ARC = YES;
				CLANG_WARN_BOOL_CONVERSION = YES;
				CLANG_WARN_CONSTANT_CONVERSION = YES;
				CLANG_WARN_DIRECT_OBJC_ISA_USAGE = YES_ERROR;
				CLANG_WARN_EMPTY_BODY = YES;
				CLANG_WARN_ENUM_CONVERSION = YES;
				CLANG_WARN_INT_CONVERSION = YES;
				CLANG_WARN_OBJC_ROOT_CLASS = YES_ERROR;
				CLANG_WARN_UNREACHABLE_CODE = YES;
				CLANG_WARN__DUPLICATE_METHOD_MATCH = YES;
				"CODE_SIGN_IDENTITY[sdk=iphoneos*]" = "iPhone Developer";
				COPY_PHASE_STRIP = YES;
				ENABLE_NS_ASSERTIONS = NO;
				ENABLE_STRICT_OBJC_MSGSEND = YES;
				GCC_C_LANGUAGE_STANDARD = gnu99;
				GCC_WARN_64_TO_32_BIT_CONVERSION = YES;
				GCC_WARN_ABOUT_RETURN_TYPE = YES_ERROR;
				GCC_WARN_UNDECLARED_SELECTOR = YES;
				GCC_WARN_UNINITIALIZED_AUTOS = YES_AGGRESSIVE;
				GCC_WARN_UNUSED_FUNCTION = YES;
				GCC_WARN_UNUSED_VARIABLE = YES;
				IPHONEOS_DEPLOYMENT_TARGET = 8.1;
				MTL_ENABLE_DEBUG_INFO = NO;
				SDKROOT = iphoneos;
				VALIDATE_PRODUCT = YES;
			};
			name = Release;
		};
		21B50E001A34EF65005DE775 /* Debug */ = {
			isa = XCBuildConfiguration;
			baseConfigurationReference = BA2EB086FA432203CCD87E60 /* Pods.debug.xcconfig */;
			buildSettings = {
				ASSETCATALOG_COMPILER_APPICON_NAME = AppIcon;
				CODE_SIGN_IDENTITY = "iPhone Developer";
				INFOPLIST_FILE = SimpleWeather/Resources/Info.plist;
				LD_RUNPATH_SEARCH_PATHS = "$(inherited) @executable_path/Frameworks";
				PRODUCT_NAME = "$(TARGET_NAME)";
				SWIFT_OBJC_BRIDGING_HEADER = "SimpleWeather/Headers/SimpleWeather-Bridging-Header.h";
			};
			name = Debug;
		};
		21B50E011A34EF65005DE775 /* Release */ = {
			isa = XCBuildConfiguration;
			baseConfigurationReference = 676E3C17072CD8A9BE3F3624 /* Pods.release.xcconfig */;
			buildSettings = {
				ASSETCATALOG_COMPILER_APPICON_NAME = AppIcon;
				CODE_SIGN_IDENTITY = "iPhone Developer";
				INFOPLIST_FILE = SimpleWeather/Resources/Info.plist;
				LD_RUNPATH_SEARCH_PATHS = "$(inherited) @executable_path/Frameworks";
				PRODUCT_NAME = "$(TARGET_NAME)";
				SWIFT_OBJC_BRIDGING_HEADER = "SimpleWeather/Headers/SimpleWeather-Bridging-Header.h";
			};
			name = Release;
		};
		21B50E031A34EF65005DE775 /* Debug */ = {
			isa = XCBuildConfiguration;
			buildSettings = {
				BUNDLE_LOADER = "$(TEST_HOST)";
				FRAMEWORK_SEARCH_PATHS = (
					"$(SDKROOT)/Developer/Library/Frameworks",
					"$(inherited)",
				);
				GCC_PREPROCESSOR_DEFINITIONS = (
					"DEBUG=1",
					"$(inherited)",
				);
				INFOPLIST_FILE = Tests/Info.plist;
				LD_RUNPATH_SEARCH_PATHS = "$(inherited) @executable_path/Frameworks @loader_path/Frameworks";
				PRODUCT_NAME = "$(TARGET_NAME)";
				TEST_HOST = "$(BUILT_PRODUCTS_DIR)/SimpleWeather.app/SimpleWeather";
			};
			name = Debug;
		};
		21B50E041A34EF65005DE775 /* Release */ = {
			isa = XCBuildConfiguration;
			buildSettings = {
				BUNDLE_LOADER = "$(TEST_HOST)";
				FRAMEWORK_SEARCH_PATHS = (
					"$(SDKROOT)/Developer/Library/Frameworks",
					"$(inherited)",
				);
				INFOPLIST_FILE = Tests/Info.plist;
				LD_RUNPATH_SEARCH_PATHS = "$(inherited) @executable_path/Frameworks @loader_path/Frameworks";
				PRODUCT_NAME = "$(TARGET_NAME)";
				TEST_HOST = "$(BUILT_PRODUCTS_DIR)/SimpleWeather.app/SimpleWeather";
			};
			name = Release;
		};
/* End XCBuildConfiguration section */

/* Begin XCConfigurationList section */
		21B50DDB1A34EF65005DE775 /* Build configuration list for PBXProject "SimpleWeather" */ = {
			isa = XCConfigurationList;
			buildConfigurations = (
				21B50DFD1A34EF65005DE775 /* Debug */,
				21B50DFE1A34EF65005DE775 /* Release */,
			);
			defaultConfigurationIsVisible = 0;
			defaultConfigurationName = Release;
		};
		21B50DFF1A34EF65005DE775 /* Build configuration list for PBXNativeTarget "SimpleWeather" */ = {
			isa = XCConfigurationList;
			buildConfigurations = (
				21B50E001A34EF65005DE775 /* Debug */,
				21B50E011A34EF65005DE775 /* Release */,
			);
			defaultConfigurationIsVisible = 0;
			defaultConfigurationName = Release;
		};
		21B50E021A34EF65005DE775 /* Build configuration list for PBXNativeTarget "SimpleWeatherTests" */ = {
			isa = XCConfigurationList;
			buildConfigurations = (
				21B50E031A34EF65005DE775 /* Debug */,
				21B50E041A34EF65005DE775 /* Release */,
			);
			defaultConfigurationIsVisible = 0;
			defaultConfigurationName = Release;
		};
/* End XCConfigurationList section */
	};
	rootObject = 21B50DD81A34EF65005DE775 /* Project object */;
}
